
Microsoft Visual Studio Solution File, Format Version 12.00
# Visual Studio 15
VisualStudioVersion = 15.0.28010.2003
MinimumVisualStudioVersion = 10.0.40219.1
Project("{FAE04EC0-301F-11D3-BF4B-00C04F79EFBC}") = "ASPNETCore21MVC", "ASPNETCore21MVC\ASPNETCore21MVC.csproj", "{05A48972-14CB-44B3-BDD5-322D4A6A5D38}"
EndProject
Global
	GlobalSection(SolutionConfigurationPlatforms) = preSolution
		Debug|Any CPU = Debug|Any CPU
		Release|Any CPU = Release|Any CPU
	EndGlobalSection
	GlobalSection(ProjectConfigurationPlatforms) = postSolution
		{05A48972-14CB-44B3-BDD5-322D4A6A5D38}.Debug|Any CPU.ActiveCfg = Debug|Any CPU
		{05A48972-14CB-44B3-BDD5-322D4A6A5D38}.Debug|Any CPU.Build.0 = Debug|Any CPU
		{05A48972-14CB-44B3-BDD5-322D4A6A5D38}.Release|Any CPU.ActiveCfg = Release|Any CPU
		{05A48972-14CB-44B3-BDD5-322D4A6A5D38}.Release|Any CPU.Build.0 = Release|Any CPU
	EndGlobalSection
	GlobalSection(SolutionProperties) = preSolution
		HideSolutionNode = FALSE
	EndGlobalSection
	GlobalSection(ExtensibilityGlobals) = postSolution
		SolutionGuid = {39F6534C-F9FE-4492-BE6B-D063FD287489}
	EndGlobalSection
EndGlobal
